
Microsoft Visual Studio Solution File, Format Version 12.00
# Visual Studio Version 17
VisualStudioVersion = 17.14.36414.22
MinimumVisualStudioVersion = 10.0.40219.1
Project("{2150E333-8FDC-42A3-9474-1A3956D46DE8}") = "src", "src", "{ACE99B10-EF2E-40A0-89EB-F372D9CBB60F}"
EndProject
Project("{2150E333-8FDC-42A3-9474-1A3956D46DE8}") = "Presentation", "Presentation", "{C4B5FDAA-9AE1-4600-AC5F-2458F2353BB0}"
EndProject
Project("{2150E333-8FDC-42A3-9474-1A3956D46DE8}") = "Domin", "Domin", "{A618B589-FDB9-48F5-A750-F2AFC010F7C7}"
EndProject
Project("{2150E333-8FDC-42A3-9474-1A3956D46DE8}") = "Application", "Application", "{3E7CB24E-7486-41AC-AEAD-C10ACA572621}"
EndProject
Project("{2150E333-8FDC-42A3-9474-1A3956D46DE8}") = "Infrastructure", "Infrastructure", "{D71B9F68-D944-49CA-BCCC-E7A5DCFD6D91}"
EndProject
Project("{FAE04EC0-301F-11D3-BF4B-00C04F79EFBC}") = "Application", "src\Application\Application.csproj", "{E58049F7-994B-4C8F-8B07-12710AB25DE4}"
	ProjectSection(ProjectDependencies) = postProject
		{995DE29D-52CA-4EDD-AD45-1E541FCF07F8} = {995DE29D-52CA-4EDD-AD45-1E541FCF07F8}
	EndProjectSection
EndProject
Project("{FAE04EC0-301F-11D3-BF4B-00C04F79EFBC}") = "Domin", "src\Domin\Domin.csproj", "{995DE29D-52CA-4EDD-AD45-1E541FCF07F8}"
EndProject
Project("{FAE04EC0-301F-11D3-BF4B-00C04F79EFBC}") = "Infrastructure", "src\Infrastructure\Infrastructure.csproj", "{588A915F-ECB8-47A4-BE1A-C9617242B3AC}"
	ProjectSection(ProjectDependencies) = postProject
		{E58049F7-994B-4C8F-8B07-12710AB25DE4} = {E58049F7-994B-4C8F-8B07-12710AB25DE4}
	EndProjectSection
EndProject
Project("{FAE04EC0-301F-11D3-BF4B-00C04F79EFBC}") = "MyWebApi", "src\MyWebApi\MyWebApi.csproj", "{556016D3-137A-4918-A8F4-619B9BBFE840}"
	ProjectSection(ProjectDependencies) = postProject
		{588A915F-ECB8-47A4-BE1A-C9617242B3AC} = {588A915F-ECB8-47A4-BE1A-C9617242B3AC}
		{E58049F7-994B-4C8F-8B07-12710AB25DE4} = {E58049F7-994B-4C8F-8B07-12710AB25DE4}
	EndProjectSection
EndProject
Global
	GlobalSection(SolutionConfigurationPlatforms) = preSolution
		Debug|Any CPU = Debug|Any CPU
		Release|Any CPU = Release|Any CPU
	EndGlobalSection
	GlobalSection(ProjectConfigurationPlatforms) = postSolution
		{E58049F7-994B-4C8F-8B07-12710AB25DE4}.Debug|Any CPU.ActiveCfg = Debug|Any CPU
		{E58049F7-994B-4C8F-8B07-12710AB25DE4}.Debug|Any CPU.Build.0 = Debug|Any CPU
		{E58049F7-994B-4C8F-8B07-12710AB25DE4}.Release|Any CPU.ActiveCfg = Release|Any CPU
		{E58049F7-994B-4C8F-8B07-12710AB25DE4}.Release|Any CPU.Build.0 = Release|Any CPU
		{995DE29D-52CA-4EDD-AD45-1E541FCF07F8}.Debug|Any CPU.ActiveCfg = Debug|Any CPU
		{995DE29D-52CA-4EDD-AD45-1E541FCF07F8}.Debug|Any CPU.Build.0 = Debug|Any CPU
		{995DE29D-52CA-4EDD-AD45-1E541FCF07F8}.Release|Any CPU.ActiveCfg = Release|Any CPU
		{995DE29D-52CA-4EDD-AD45-1E541FCF07F8}.Release|Any CPU.Build.0 = Release|Any CPU
		{588A915F-ECB8-47A4-BE1A-C9617242B3AC}.Debug|Any CPU.ActiveCfg = Debug|Any CPU
		{588A915F-ECB8-47A4-BE1A-C9617242B3AC}.Debug|Any CPU.Build.0 = Debug|Any CPU
		{588A915F-ECB8-47A4-BE1A-C9617242B3AC}.Release|Any CPU.ActiveCfg = Release|Any CPU
		{588A915F-ECB8-47A4-BE1A-C9617242B3AC}.Release|Any CPU.Build.0 = Release|Any CPU
		{556016D3-137A-4918-A8F4-619B9BBFE840}.Debug|Any CPU.ActiveCfg = Debug|Any CPU
		{556016D3-137A-4918-A8F4-619B9BBFE840}.Debug|Any CPU.Build.0 = Debug|Any CPU
		{556016D3-137A-4918-A8F4-619B9BBFE840}.Release|Any CPU.ActiveCfg = Release|Any CPU
		{556016D3-137A-4918-A8F4-619B9BBFE840}.Release|Any CPU.Build.0 = Release|Any CPU
	EndGlobalSection
	GlobalSection(SolutionProperties) = preSolution
		HideSolutionNode = FALSE
	EndGlobalSection
	GlobalSection(NestedProjects) = preSolution
		{C4B5FDAA-9AE1-4600-AC5F-2458F2353BB0} = {ACE99B10-EF2E-40A0-89EB-F372D9CBB60F}
		{A618B589-FDB9-48F5-A750-F2AFC010F7C7} = {ACE99B10-EF2E-40A0-89EB-F372D9CBB60F}
		{3E7CB24E-7486-41AC-AEAD-C10ACA572621} = {ACE99B10-EF2E-40A0-89EB-F372D9CBB60F}
		{D71B9F68-D944-49CA-BCCC-E7A5DCFD6D91} = {ACE99B10-EF2E-40A0-89EB-F372D9CBB60F}
		{E58049F7-994B-4C8F-8B07-12710AB25DE4} = {3E7CB24E-7486-41AC-AEAD-C10ACA572621}
		{995DE29D-52CA-4EDD-AD45-1E541FCF07F8} = {A618B589-FDB9-48F5-A750-F2AFC010F7C7}
		{588A915F-ECB8-47A4-BE1A-C9617242B3AC} = {D71B9F68-D944-49CA-BCCC-E7A5DCFD6D91}
		{556016D3-137A-4918-A8F4-619B9BBFE840} = {C4B5FDAA-9AE1-4600-AC5F-2458F2353BB0}
	EndGlobalSection
	GlobalSection(ExtensibilityGlobals) = postSolution
		SolutionGuid = {DC720B03-1603-4B7B-8463-927D912C9260}
	EndGlobalSection
EndGlobal
